[[package]]
name = "mpmath"
version = "1.1.0"
description = "Python library for arbitrary-precision floating-point arithmetic"
category = "main"
optional = false
python-versions = "*"

[[package]]
name = "sympy"
version = "1.7.1"
description = "Computer algebra system (CAS) in Python"
category = "main"
optional = false
python-versions = ">=3.6"

[package.dependencies]
mpmath = ">=0.19"

[metadata]
lock-version = "1.1"
python-versions = "^3.9"
content-hash = "5b1ab0ca01c55e1aa559b29ad6c88866fdaa5707b42eb61b3f6522a49a12a4e8"

[metadata.files]
mpmath = [
    {file = "mpmath-1.1.0.tar.gz", hash = "sha256:fc17abe05fbab3382b61a123c398508183406fa132e0223874578e20946499f6"},
]
sympy = [
    {file = "sympy-1.7.1-py3-none-any.whl", hash = "sha256:c986df98babfb9f5ddea49ba7b69398f6d1cfada5ae0dc0431691cddaff851f6"},
    {file = "sympy-1.7.1.tar.gz", hash = "sha256:a3de9261e97535b83bb8607b0da2c7d03126650fafea2b2789657b229c246b2e"},
]
